# THIS IS AN AUTOGENERATED FILE. DO NOT EDIT THIS FILE DIRECTLY.
# yarn lockfile v1


"@stencil/core@^2.9.0":
  version "2.9.0"
  resolved "https://registry.yarnpkg.com/@stencil/core/-/core-2.9.0.tgz#cbac84b996475b8fc983931539ed1261174e2df3"
  integrity sha512-kY3xYolZoJO1MKslL0NQccHy72R3TIl1prHgfmIrEoGcnMgc6uiskdWaGMuI5/sCGz9T+QuTVz76B1H2ySyBZg==
